# This file is generated by running "yarn install" inside your project.
# Manual changes might be lost - proceed with caution!

__metadata:
  version: 8
  cacheKey: 10c0

"@backstage/catalog-model@npm:^1.4.3":
  version: 1.4.3
  resolution: "@backstage/catalog-model@npm:1.4.3"
  dependencies:
    "@backstage/errors": "npm:^1.2.3"
    "@backstage/types": "npm:^1.1.1"
    ajv: "npm:^8.10.0"
    lodash: "npm:^4.17.21"
  checksum: c6a2712fc876e133af2c5a92c1dce5038cde41b92d45283fdfb5333c842737385d9cd2386e00dae523f4ca20449ae15d0f158948933080fabe14f4da11e4a107
  languageName: node
  linkType: hard

"@backstage/errors@npm:^1.2.3":
  version: 1.2.3
  resolution: "@backstage/errors@npm:1.2.3"
  dependencies:
    "@backstage/types": "npm:^1.1.1"
    serialize-error: "npm:^8.0.1"
  checksum: db7f4f5539e59f620921f4337a38e7609dd6101268c03e553316c758a21e244990e905c57a0e6806a6a25807a93a60f39e917efe85119eb50ecfca47630b1380
  languageName: node
  linkType: hard

"@backstage/types@npm:^1.1.1":
  version: 1.1.1
  resolution: "@backstage/types@npm:1.1.1"
  checksum: 1b2a20147b76dd9460c8db0e11f9879fa6adfdac25cfa686a44b2238b737a9476429d2688ecdf33d0be913b96d090e98b43731ce52d17a6fde41842ec2e5b25d
  languageName: node
  linkType: hard

"@flatten-js/interval-tree@npm:^1.1.1":
  version: 1.1.1
  resolution: "@flatten-js/interval-tree@npm:1.1.1"
  checksum: dc52eab1139ba336ca8bf5f0c16d8d81fdddfff9fdab2bb46c22adaa6659d654e665a42c5be31e8ae316d3c0dd0670ab499a05cd96882ec9acebae0f58699076
  languageName: node
  linkType: hard

"@isaacs/cliui@npm:^8.0.2":
  version: 8.0.2
  resolution: "@isaacs/cliui@npm:8.0.2"
  dependencies:
    string-width: "npm:^5.1.2"
    string-width-cjs: "npm:string-width@^4.2.0"
    strip-ansi: "npm:^7.0.1"
    strip-ansi-cjs: "npm:strip-ansi@^6.0.1"
    wrap-ansi: "npm:^8.1.0"
    wrap-ansi-cjs: "npm:wrap-ansi@^7.0.0"
  checksum: b1bf42535d49f11dc137f18d5e4e63a28c5569de438a221c369483731e9dac9fb797af554e8bf02b6192d1e5eba6e6402cf93900c3d0ac86391d00d04876789e
  languageName: node
  linkType: hard

"@pkgjs/parseargs@npm:^0.11.0":
  version: 0.11.0
  resolution: "@pkgjs/parseargs@npm:0.11.0"
  checksum: 5bd7576bb1b38a47a7fc7b51ac9f38748e772beebc56200450c4a817d712232b8f1d3ef70532c80840243c657d491cf6a6be1e3a214cff907645819fdc34aadd
  languageName: node
  linkType: hard

"@types/lodash@npm:^4.14.199":
  version: 4.14.199
  resolution: "@types/lodash@npm:4.14.199"
  checksum: a7168a0a2a7c9e8801aa95f92b02f9d664ee938a5186d73f77a3a8447f475bbadedc1f7f746ffd2530ae34069d232bf25f4f4414077f0d81c71489e34e59173e
  languageName: node
  linkType: hard

"@types/node@npm:^20.8.4":
  version: 20.8.4
  resolution: "@types/node@npm:20.8.4"
  dependencies:
    undici-types: "npm:~5.25.1"
  checksum: 8d1e03d5bb186e7706d2c336c81eebd82b21b76e48ad482b9f731e1a948ff1f30f42d63f2379e6f9d99b31215a7467052317187def21c07aa1128ad28b2c01f9
  languageName: node
  linkType: hard

"@types/vscode@npm:^1.83.0":
  version: 1.83.0
  resolution: "@types/vscode@npm:1.83.0"
  checksum: feca99e8239726119f3ea263fb6ae866981f9b4122280093e7108dce02d9932af0689bb00cc4a09e005a1396930f11c8c3e580eda7884c969571ed7cb98531a6
  languageName: node
  linkType: hard

"ajv-error-mapping@workspace:^, ajv-error-mapping@workspace:packages/ajv-error-mapping":
  version: 0.0.0-use.local
  resolution: "ajv-error-mapping@workspace:packages/ajv-error-mapping"
  dependencies:
    ajv: "npm:^8.12.0"
    typescript: "npm:^5.2.2"
    yaml: "npm:^2.3.3"
  languageName: unknown
  linkType: soft

"ajv@npm:^8.10.0, ajv@npm:^8.12.0":
  version: 8.12.0
  resolution: "ajv@npm:8.12.0"
  dependencies:
    fast-deep-equal: "npm:^3.1.1"
    json-schema-traverse: "npm:^1.0.0"
    require-from-string: "npm:^2.0.2"
    uri-js: "npm:^4.2.2"
  checksum: ac4f72adf727ee425e049bc9d8b31d4a57e1c90da8d28bcd23d60781b12fcd6fc3d68db5df16994c57b78b94eed7988f5a6b482fd376dc5b084125e20a0a622e
  languageName: node
  linkType: hard

"ansi-regex@npm:^5.0.1":
  version: 5.0.1
  resolution: "ansi-regex@npm:5.0.1"
  checksum: 9a64bb8627b434ba9327b60c027742e5d17ac69277960d041898596271d992d4d52ba7267a63ca10232e29f6107fc8a835f6ce8d719b88c5f8493f8254813737
  languageName: node
  linkType: hard

"ansi-regex@npm:^6.0.1":
  version: 6.0.1
  resolution: "ansi-regex@npm:6.0.1"
  checksum: cbe16dbd2c6b2735d1df7976a7070dd277326434f0212f43abf6d87674095d247968209babdaad31bb00882fa68807256ba9be340eec2f1004de14ca75f52a08
  languageName: node
  linkType: hard

"ansi-styles@npm:^4.0.0":
  version: 4.3.0
  resolution: "ansi-styles@npm:4.3.0"
  dependencies:
    color-convert: "npm:^2.0.1"
  checksum: 895a23929da416f2bd3de7e9cb4eabd340949328ab85ddd6e484a637d8f6820d485f53933446f5291c3b760cbc488beb8e88573dd0f9c7daf83dccc8fe81b041
  languageName: node
  linkType: hard

"ansi-styles@npm:^6.1.0":
  version: 6.2.1
  resolution: "ansi-styles@npm:6.2.1"
  checksum: 5d1ec38c123984bcedd996eac680d548f31828bd679a66db2bdf11844634dde55fec3efa9c6bb1d89056a5e79c1ac540c4c784d592ea1d25028a92227d2f2d5c
  languageName: node
  linkType: hard

"backstage-entity-language-server@workspace:packages/backstage-entity-language-server":
  version: 0.0.0-use.local
  resolution: "backstage-entity-language-server@workspace:packages/backstage-entity-language-server"
  dependencies:
    "@backstage/catalog-model": "npm:^1.4.3"
    "@flatten-js/interval-tree": "npm:^1.1.1"
    "@types/lodash": "npm:^4.14.199"
    ajv: "npm:^8.12.0"
    ajv-error-mapping: "workspace:^"
    glob: "npm:^10.3.10"
    json-schema-traverse: "npm:^1.0.0"
    lodash: "npm:^4.17.21"
    typescript: "npm:^5.2.2"
    vscode-languageserver: "npm:^9.0.1"
    vscode-languageserver-textdocument: "npm:^1.0.11"
    vscode-uri: "npm:^3.0.8"
  bin:
    backstage-entity-language-server: ./bin/backstage-entity-language-server
  languageName: unknown
  linkType: soft

"backstage-entity@workspace:packages/vscode-backstage-entity":
  version: 0.0.0-use.local
  resolution: "backstage-entity@workspace:packages/vscode-backstage-entity"
  dependencies:
    "@types/node": "npm:^20.8.4"
    "@types/vscode": "npm:^1.83.0"
    typescript: "npm:^5.2.2"
    vscode-languageclient: "npm:^9.0.1"
    yaml: "npm:^2.3.2"
  languageName: unknown
  linkType: soft

"balanced-match@npm:^1.0.0":
  version: 1.0.2
  resolution: "balanced-match@npm:1.0.2"
  checksum: 9308baf0a7e4838a82bbfd11e01b1cb0f0cf2893bc1676c27c2a8c0e70cbae1c59120c3268517a8ae7fb6376b4639ef81ca22582611dbee4ed28df945134aaee
  languageName: node
  linkType: hard

"brace-expansion@npm:^2.0.1":
  version: 2.0.1
  resolution: "brace-expansion@npm:2.0.1"
  dependencies:
    balanced-match: "npm:^1.0.0"
  checksum: b358f2fe060e2d7a87aa015979ecea07f3c37d4018f8d6deb5bd4c229ad3a0384fe6029bb76cd8be63c81e516ee52d1a0673edbe2023d53a5191732ae3c3e49f
  languageName: node
  linkType: hard

"color-convert@npm:^2.0.1":
  version: 2.0.1
  resolution: "color-convert@npm:2.0.1"
  dependencies:
    color-name: "npm:~1.1.4"
  checksum: 37e1150172f2e311fe1b2df62c6293a342ee7380da7b9cfdba67ea539909afbd74da27033208d01d6d5cfc65ee7868a22e18d7e7648e004425441c0f8a15a7d7
  languageName: node
  linkType: hard

"color-name@npm:~1.1.4":
  version: 1.1.4
  resolution: "color-name@npm:1.1.4"
  checksum: a1a3f914156960902f46f7f56bc62effc6c94e84b2cae157a526b1c1f74b677a47ec602bf68a61abfa2b42d15b7c5651c6dbe72a43af720bc588dff885b10f95
  languageName: node
  linkType: hard

"cross-spawn@npm:^7.0.0":
  version: 7.0.3
  resolution: "cross-spawn@npm:7.0.3"
  dependencies:
    path-key: "npm:^3.1.0"
    shebang-command: "npm:^2.0.0"
    which: "npm:^2.0.1"
  checksum: 5738c312387081c98d69c98e105b6327b069197f864a60593245d64c8089c8a0a744e16349281210d56835bb9274130d825a78b2ad6853ca13cfbeffc0c31750
  languageName: node
  linkType: hard

"eastasianwidth@npm:^0.2.0":
  version: 0.2.0
  resolution: "eastasianwidth@npm:0.2.0"
  checksum: 26f364ebcdb6395f95124fda411f63137a4bfb5d3a06453f7f23dfe52502905bd84e0488172e0f9ec295fdc45f05c23d5d91baf16bd26f0fe9acd777a188dc39
  languageName: node
  linkType: hard

"emoji-regex@npm:^8.0.0":
  version: 8.0.0
  resolution: "emoji-regex@npm:8.0.0"
  checksum: b6053ad39951c4cf338f9092d7bfba448cdfd46fe6a2a034700b149ac9ffbc137e361cbd3c442297f86bed2e5f7576c1b54cc0a6bf8ef5106cc62f496af35010
  languageName: node
  linkType: hard

"emoji-regex@npm:^9.2.2":
  version: 9.2.2
  resolution: "emoji-regex@npm:9.2.2"
  checksum: af014e759a72064cf66e6e694a7fc6b0ed3d8db680427b021a89727689671cefe9d04151b2cad51dbaf85d5ba790d061cd167f1cf32eb7b281f6368b3c181639
  languageName: node
  linkType: hard

"fast-deep-equal@npm:^3.1.1":
  version: 3.1.3
  resolution: "fast-deep-equal@npm:3.1.3"
  checksum: 40dedc862eb8992c54579c66d914635afbec43350afbbe991235fdcb4e3a8d5af1b23ae7e79bef7d4882d0ecee06c3197488026998fb19f72dc95acff1d1b1d0
  languageName: node
  linkType: hard

"foreground-child@npm:^3.1.0":
  version: 3.1.1
  resolution: "foreground-child@npm:3.1.1"
  dependencies:
    cross-spawn: "npm:^7.0.0"
    signal-exit: "npm:^4.0.1"
  checksum: 9700a0285628abaeb37007c9a4d92bd49f67210f09067638774338e146c8e9c825c5c877f072b2f75f41dc6a2d0be8664f79ffc03f6576649f54a84fb9b47de0
  languageName: node
  linkType: hard

"glob@npm:^10.3.10":
  version: 10.3.10
  resolution: "glob@npm:10.3.10"
  dependencies:
    foreground-child: "npm:^3.1.0"
    jackspeak: "npm:^2.3.5"
    minimatch: "npm:^9.0.1"
    minipass: "npm:^5.0.0 || ^6.0.2 || ^7.0.0"
    path-scurry: "npm:^1.10.1"
  bin:
    glob: dist/esm/bin.mjs
  checksum: 13d8a1feb7eac7945f8c8480e11cd4a44b24d26503d99a8d8ac8d5aefbf3e9802a2b6087318a829fad04cb4e829f25c5f4f1110c68966c498720dd261c7e344d
  languageName: node
  linkType: hard

"is-fullwidth-code-point@npm:^3.0.0":
  version: 3.0.0
  resolution: "is-fullwidth-code-point@npm:3.0.0"
  checksum: bb11d825e049f38e04c06373a8d72782eee0205bda9d908cc550ccb3c59b99d750ff9537982e01733c1c94a58e35400661f57042158ff5e8f3e90cf936daf0fc
  languageName: node
  linkType: hard

"isexe@npm:^2.0.0":
  version: 2.0.0
  resolution: "isexe@npm:2.0.0"
  checksum: 228cfa503fadc2c31596ab06ed6aa82c9976eec2bfd83397e7eaf06d0ccf42cd1dfd6743bf9aeb01aebd4156d009994c5f76ea898d2832c1fe342da923ca457d
  languageName: node
  linkType: hard

"jackspeak@npm:^2.3.5":
  version: 2.3.6
  resolution: "jackspeak@npm:2.3.6"
  dependencies:
    "@isaacs/cliui": "npm:^8.0.2"
    "@pkgjs/parseargs": "npm:^0.11.0"
  dependenciesMeta:
    "@pkgjs/parseargs":
      optional: true
  checksum: f01d8f972d894cd7638bc338e9ef5ddb86f7b208ce177a36d718eac96ec86638a6efa17d0221b10073e64b45edc2ce15340db9380b1f5d5c5d000cbc517dc111
  languageName: node
  linkType: hard

"json-schema-traverse@npm:^1.0.0":
  version: 1.0.0
  resolution: "json-schema-traverse@npm:1.0.0"
  checksum: 71e30015d7f3d6dc1c316d6298047c8ef98a06d31ad064919976583eb61e1018a60a0067338f0f79cabc00d84af3fcc489bd48ce8a46ea165d9541ba17fb30c6
  languageName: node
  linkType: hard

"lodash@npm:^4.17.21":
  version: 4.17.21
  resolution: "lodash@npm:4.17.21"
  checksum: d8cbea072bb08655bb4c989da418994b073a608dffa608b09ac04b43a791b12aeae7cd7ad919aa4c925f33b48490b5cfe6c1f71d827956071dae2e7bb3a6b74c
  languageName: node
  linkType: hard

"lru-cache@npm:^6.0.0":
  version: 6.0.0
  resolution: "lru-cache@npm:6.0.0"
  dependencies:
    yallist: "npm:^4.0.0"
  checksum: cb53e582785c48187d7a188d3379c181b5ca2a9c78d2bce3e7dee36f32761d1c42983da3fe12b55cb74e1779fa94cdc2e5367c028a9b35317184ede0c07a30a9
  languageName: node
  linkType: hard

"lru-cache@npm:^9.1.1 || ^10.0.0":
  version: 10.0.1
  resolution: "lru-cache@npm:10.0.1"
  checksum: 982dabfb227b9a2daf56d712ae0e72e01115a28c0a2068cd71277bca04568f3417bbf741c6c7941abc5c620fd8059e34f15607f90ebccbfa0a17533322d27a8e
  languageName: node
  linkType: hard

"minimatch@npm:^5.1.0":
  version: 5.1.6
  resolution: "minimatch@npm:5.1.6"
  dependencies:
    brace-expansion: "npm:^2.0.1"
  checksum: 3defdfd230914f22a8da203747c42ee3c405c39d4d37ffda284dac5e45b7e1f6c49aa8be606509002898e73091ff2a3bbfc59c2c6c71d4660609f63aa92f98e3
  languageName: node
  linkType: hard

"minimatch@npm:^9.0.1":
  version: 9.0.3
  resolution: "minimatch@npm:9.0.3"
  dependencies:
    brace-expansion: "npm:^2.0.1"
  checksum: 85f407dcd38ac3e180f425e86553911d101455ca3ad5544d6a7cec16286657e4f8a9aa6695803025c55e31e35a91a2252b5dc8e7d527211278b8b65b4dbd5eac
  languageName: node
  linkType: hard

"minipass@npm:^5.0.0 || ^6.0.2 || ^7.0.0":
  version: 7.0.4
  resolution: "minipass@npm:7.0.4"
  checksum: 6c7370a6dfd257bf18222da581ba89a5eaedca10e158781232a8b5542a90547540b4b9b7e7f490e4cda43acfbd12e086f0453728ecf8c19e0ef6921bc5958ac5
  languageName: node
  linkType: hard

"path-key@npm:^3.1.0":
  version: 3.1.1
  resolution: "path-key@npm:3.1.1"
  checksum: 748c43efd5a569c039d7a00a03b58eecd1d75f3999f5a28303d75f521288df4823bc057d8784eb72358b2895a05f29a070bc9f1f17d28226cc4e62494cc58c4c
  languageName: node
  linkType: hard

"path-scurry@npm:^1.10.1":
  version: 1.10.1
  resolution: "path-scurry@npm:1.10.1"
  dependencies:
    lru-cache: "npm:^9.1.1 || ^10.0.0"
    minipass: "npm:^5.0.0 || ^6.0.2 || ^7.0.0"
  checksum: e5dc78a7348d25eec61ab166317e9e9c7b46818aa2c2b9006c507a6ff48c672d011292d9662527213e558f5652ce0afcc788663a061d8b59ab495681840c0c1e
  languageName: node
  linkType: hard

"punycode@npm:^2.1.0":
  version: 2.3.0
  resolution: "punycode@npm:2.3.0"
  checksum: 8e6f7abdd3a6635820049e3731c623bbef3fedbf63bbc696b0d7237fdba4cefa069bc1fa62f2938b0fbae057550df7b5318f4a6bcece27f1907fc75c54160bee
  languageName: node
  linkType: hard

"require-from-string@npm:^2.0.2":
  version: 2.0.2
  resolution: "require-from-string@npm:2.0.2"
  checksum: aaa267e0c5b022fc5fd4eef49d8285086b15f2a1c54b28240fdf03599cbd9c26049fee3eab894f2e1f6ca65e513b030a7c264201e3f005601e80c49fb2937ce2
  languageName: node
  linkType: hard

"semver@npm:^7.3.7":
  version: 7.5.4
  resolution: "semver@npm:7.5.4"
  dependencies:
    lru-cache: "npm:^6.0.0"
  bin:
    semver: bin/semver.js
  checksum: 5160b06975a38b11c1ab55950cb5b8a23db78df88275d3d8a42ccf1f29e55112ac995b3a26a522c36e3b5f76b0445f1eef70d696b8c7862a2b4303d7b0e7609e
  languageName: node
  linkType: hard

"serialize-error@npm:^8.0.1":
  version: 8.1.0
  resolution: "serialize-error@npm:8.1.0"
  dependencies:
    type-fest: "npm:^0.20.2"
  checksum: 8cfd89f43ca93e283c5f1d16178a536bdfac9bc6029f4a9df988610cc399bc4f2478d1f10ce40b9dff66b863a5158a19b438fbec929045c96d92174f6bca1e88
  languageName: node
  linkType: hard

"shebang-command@npm:^2.0.0":
  version: 2.0.0
  resolution: "shebang-command@npm:2.0.0"
  dependencies:
    shebang-regex: "npm:^3.0.0"
  checksum: a41692e7d89a553ef21d324a5cceb5f686d1f3c040759c50aab69688634688c5c327f26f3ecf7001ebfd78c01f3c7c0a11a7c8bfd0a8bc9f6240d4f40b224e4e
  languageName: node
  linkType: hard

"shebang-regex@npm:^3.0.0":
  version: 3.0.0
  resolution: "shebang-regex@npm:3.0.0"
  checksum: 1dbed0726dd0e1152a92696c76c7f06084eb32a90f0528d11acd764043aacf76994b2fb30aa1291a21bd019d6699164d048286309a278855ee7bec06cf6fb690
  languageName: node
  linkType: hard

"signal-exit@npm:^4.0.1":
  version: 4.1.0
  resolution: "signal-exit@npm:4.1.0"
  checksum: 41602dce540e46d599edba9d9860193398d135f7ff72cab629db5171516cfae628d21e7bfccde1bbfdf11c48726bc2a6d1a8fb8701125852fbfda7cf19c6aa83
  languageName: node
  linkType: hard

"string-width-cjs@npm:string-width@^4.2.0, string-width@npm:^4.1.0":
  version: 4.2.3
  resolution: "string-width@npm:4.2.3"
  dependencies:
    emoji-regex: "npm:^8.0.0"
    is-fullwidth-code-point: "npm:^3.0.0"
    strip-ansi: "npm:^6.0.1"
  checksum: 1e525e92e5eae0afd7454086eed9c818ee84374bb80328fc41217ae72ff5f065ef1c9d7f72da41de40c75fa8bb3dee63d92373fd492c84260a552c636392a47b
  languageName: node
  linkType: hard

"string-width@npm:^5.0.1, string-width@npm:^5.1.2":
  version: 5.1.2
  resolution: "string-width@npm:5.1.2"
  dependencies:
    eastasianwidth: "npm:^0.2.0"
    emoji-regex: "npm:^9.2.2"
    strip-ansi: "npm:^7.0.1"
  checksum: ab9c4264443d35b8b923cbdd513a089a60de339216d3b0ed3be3ba57d6880e1a192b70ae17225f764d7adbf5994e9bb8df253a944736c15a0240eff553c678ca
  languageName: node
  linkType: hard

"strip-ansi-cjs@npm:strip-ansi@^6.0.1, strip-ansi@npm:^6.0.0, strip-ansi@npm:^6.0.1":
  version: 6.0.1
  resolution: "strip-ansi@npm:6.0.1"
  dependencies:
    ansi-regex: "npm:^5.0.1"
  checksum: 1ae5f212a126fe5b167707f716942490e3933085a5ff6c008ab97ab2f272c8025d3aa218b7bd6ab25729ca20cc81cddb252102f8751e13482a5199e873680952
  languageName: node
  linkType: hard

"strip-ansi@npm:^7.0.1":
  version: 7.1.0
  resolution: "strip-ansi@npm:7.1.0"
  dependencies:
    ansi-regex: "npm:^6.0.1"
  checksum: a198c3762e8832505328cbf9e8c8381de14a4fa50a4f9b2160138158ea88c0f5549fb50cb13c651c3088f47e63a108b34622ec18c0499b6c8c3a5ddf6b305ac4
  languageName: node
  linkType: hard

"type-fest@npm:^0.20.2":
  version: 0.20.2
  resolution: "type-fest@npm:0.20.2"
  checksum: dea9df45ea1f0aaa4e2d3bed3f9a0bfe9e5b2592bddb92eb1bf06e50bcf98dbb78189668cd8bc31a0511d3fc25539b4cd5c704497e53e93e2d40ca764b10bfc3
  languageName: node
  linkType: hard

"typescript@npm:^5.2.2":
  version: 5.2.2
  resolution: "typescript@npm:5.2.2"
  bin:
    tsc: bin/tsc
    tsserver: bin/tsserver
  checksum: 91ae3e6193d0ddb8656d4c418a033f0f75dec5e077ebbc2bd6d76439b93f35683936ee1bdc0e9cf94ec76863aa49f27159b5788219b50e1cd0cd6d110aa34b07
  languageName: node
  linkType: hard

"typescript@patch:typescript@npm%3A^5.2.2#optional!builtin<compat/typescript>":
  version: 5.2.2
  resolution: "typescript@patch:typescript@npm%3A5.2.2#optional!builtin<compat/typescript>::version=5.2.2&hash=f3b441"
  bin:
    tsc: bin/tsc
    tsserver: bin/tsserver
  checksum: 062c1cee1990e6b9419ce8a55162b8dc917eb87f807e4de0327dbc1c2fa4e5f61bc0dd4e034d38ff541d1ed0479b53bcee8e4de3a4075c51a1724eb6216cb6f5
  languageName: node
  linkType: hard

"undici-types@npm:~5.25.1":
  version: 5.25.3
  resolution: "undici-types@npm:5.25.3"
  checksum: 60a47c6db451c00d27186d86a41fbd9677fa1f6d1a5350bff342c3985bd79fc3f5a638ebf56bbce21df46c701a687db43b3fbd588e1726e58047cea14d182fef
  languageName: node
  linkType: hard

"uri-js@npm:^4.2.2":
  version: 4.4.1
  resolution: "uri-js@npm:4.4.1"
  dependencies:
    punycode: "npm:^2.1.0"
  checksum: 4ef57b45aa820d7ac6496e9208559986c665e49447cb072744c13b66925a362d96dd5a46c4530a6b8e203e5db5fe849369444440cb22ecfc26c679359e5dfa3c
  languageName: node
  linkType: hard

"vscode-backstage-plugin@workspace:.":
  version: 0.0.0-use.local
  resolution: "vscode-backstage-plugin@workspace:."
  dependencies:
    typescript: "npm:^5.2.2"
  languageName: unknown
  linkType: soft

"vscode-jsonrpc@npm:8.2.0":
  version: 8.2.0
  resolution: "vscode-jsonrpc@npm:8.2.0"
  checksum: 0789c227057a844f5ead55c84679206227a639b9fb76e881185053abc4e9848aa487245966cc2393fcb342c4541241b015a1a2559fddd20ac1e68945c95344e6
  languageName: node
  linkType: hard

"vscode-languageclient@npm:^9.0.1":
  version: 9.0.1
  resolution: "vscode-languageclient@npm:9.0.1"
  dependencies:
    minimatch: "npm:^5.1.0"
    semver: "npm:^7.3.7"
    vscode-languageserver-protocol: "npm:3.17.5"
  checksum: fe6638dabb0ef9915937cae2cecb74978a3e84c01f9c3f6a6bd61d0bbbb601fb694aae6253689bde30d40ce941c02068b0448268cf3e5ef08e6f9167cc7f6242
  languageName: node
  linkType: hard

"vscode-languageserver-protocol@npm:3.17.5":
  version: 3.17.5
  resolution: "vscode-languageserver-protocol@npm:3.17.5"
  dependencies:
    vscode-jsonrpc: "npm:8.2.0"
    vscode-languageserver-types: "npm:3.17.5"
  checksum: 5f38fd80da9868d706eaa4a025f4aff9c3faad34646bcde1426f915cbd8d7e8b6c3755ce3fef6eebd256ba3145426af1085305f8a76e34276d2e95aaf339a90b
  languageName: node
  linkType: hard

"vscode-languageserver-textdocument@npm:^1.0.11":
  version: 1.0.11
  resolution: "vscode-languageserver-textdocument@npm:1.0.11"
  checksum: 1996a38e24571e05aa21dd4f46e0a6849e22301c9a66996762e77d9c6df3622de0bd31cd5742a0c0c47fb9dfd00b310ad08c44d08241873ea571edacd5238da6
  languageName: node
  linkType: hard

"vscode-languageserver-types@npm:3.17.5":
  version: 3.17.5
  resolution: "vscode-languageserver-types@npm:3.17.5"
  checksum: 1e1260de79a2cc8de3e46f2e0182cdc94a7eddab487db5a3bd4ee716f67728e685852707d72c059721ce500447be9a46764a04f0611e94e4321ffa088eef36f8
  languageName: node
  linkType: hard

"vscode-languageserver@npm:^9.0.1":
  version: 9.0.1
  resolution: "vscode-languageserver@npm:9.0.1"
  dependencies:
    vscode-languageserver-protocol: "npm:3.17.5"
  bin:
    installServerIntoExtension: bin/installServerIntoExtension
  checksum: 8a0838d77c98a211c76e54bd3a6249fc877e4e1a73322673fb0e921168d8e91de4f170f1d4ff7e8b6289d0698207afc6aba6662d4c1cd8e4bd7cae96afd6b0c2
  languageName: node
  linkType: hard

"vscode-uri@npm:^3.0.8":
  version: 3.0.8
  resolution: "vscode-uri@npm:3.0.8"
  checksum: f7f217f526bf109589969fe6e66b71e70b937de1385a1d7bb577ca3ee7c5e820d3856a86e9ff2fa9b7a0bc56a3dd8c3a9a557d3fedd7df414bc618d5e6b567f9
  languageName: node
  linkType: hard

"which@npm:^2.0.1":
  version: 2.0.2
  resolution: "which@npm:2.0.2"
  dependencies:
    isexe: "npm:^2.0.0"
  bin:
    node-which: ./bin/node-which
  checksum: 66522872a768b60c2a65a57e8ad184e5372f5b6a9ca6d5f033d4b0dc98aff63995655a7503b9c0a2598936f532120e81dd8cc155e2e92ed662a2b9377cc4374f
  languageName: node
  linkType: hard

"wrap-ansi-cjs@npm:wrap-ansi@^7.0.0":
  version: 7.0.0
  resolution: "wrap-ansi@npm:7.0.0"
  dependencies:
    ansi-styles: "npm:^4.0.0"
    string-width: "npm:^4.1.0"
    strip-ansi: "npm:^6.0.0"
  checksum: d15fc12c11e4cbc4044a552129ebc75ee3f57aa9c1958373a4db0292d72282f54373b536103987a4a7594db1ef6a4f10acf92978f79b98c49306a4b58c77d4da
  languageName: node
  linkType: hard

"wrap-ansi@npm:^8.1.0":
  version: 8.1.0
  resolution: "wrap-ansi@npm:8.1.0"
  dependencies:
    ansi-styles: "npm:^6.1.0"
    string-width: "npm:^5.0.1"
    strip-ansi: "npm:^7.0.1"
  checksum: 138ff58a41d2f877eae87e3282c0630fc2789012fc1af4d6bd626eeb9a2f9a65ca92005e6e69a75c7b85a68479fe7443c7dbe1eb8fbaa681a4491364b7c55c60
  languageName: node
  linkType: hard

"yallist@npm:^4.0.0":
  version: 4.0.0
  resolution: "yallist@npm:4.0.0"
  checksum: 2286b5e8dbfe22204ab66e2ef5cc9bbb1e55dfc873bbe0d568aa943eb255d131890dfd5bf243637273d31119b870f49c18fcde2c6ffbb7a7a092b870dc90625a
  languageName: node
  linkType: hard

"yaml@npm:^2.3.2":
  version: 2.3.2
  resolution: "yaml@npm:2.3.2"
  checksum: c2aac464015f037911c5b819475e81e52119e5495e3d43fe7cb82b5a84d59d66a86049dc85d8e90658636c1c04dde177ae196818deaf76c1bda4d34209d5c087
  languageName: node
  linkType: hard

"yaml@npm:^2.3.3":
  version: 2.3.3
  resolution: "yaml@npm:2.3.3"
  checksum: a0c56bf682159b0567e9cbbddf23efc2f6806f6450716d9be6ec5eb1af1b941e95c8d3dc9c47da20d1b6883a9d6c61e31cf98bb4b77ebca4396bf772657f2f00
  languageName: node
  linkType: hard
